
Microsoft Visual Studio Solution File, Format Version 12.00
# Visual Studio Version 16
VisualStudioVersion = 16.0.29009.5
MinimumVisualStudioVersion = 10.0.40219.1
Project("{FAE04EC0-301F-11D3-BF4B-00C04F79EFBC}") = "BankMoneyInPocket", "BankMoneyInPocket\BankMoneyInPocket.csproj", "{7F5DE6AA-39C9-432B-955F-84335B2A6519}"
EndProject
Global
	GlobalSection(SolutionConfigurationPlatforms) = preSolution
		Debug|Any CPU = Debug|Any CPU
		Release|Any CPU = Release|Any CPU
	EndGlobalSection
	GlobalSection(ProjectConfigurationPlatforms) = postSolution
		{7F5DE6AA-39C9-432B-955F-84335B2A6519}.Debug|Any CPU.ActiveCfg = Debug|Any CPU
		{7F5DE6AA-39C9-432B-955F-84335B2A6519}.Debug|Any CPU.Build.0 = Debug|Any CPU
		{7F5DE6AA-39C9-432B-955F-84335B2A6519}.Release|Any CPU.ActiveCfg = Release|Any CPU
		{7F5DE6AA-39C9-432B-955F-84335B2A6519}.Release|Any CPU.Build.0 = Release|Any CPU
	EndGlobalSection
	GlobalSection(SolutionProperties) = preSolution
		HideSolutionNode = FALSE
	EndGlobalSection
	GlobalSection(ExtensibilityGlobals) = postSolution
		SolutionGuid = {040FD67D-4733-484A-920E-1A2F530921BA}
	EndGlobalSection
EndGlobal
